
Microsoft Visual Studio Solution File, Format Version 12.00
# Visual Studio 15
Project("{FAE04EC0-301F-11D3-BF4B-00C04F79EFBC}") = "Assembly-CSharp", "Assembly-CSharp.csproj", "{58076DC0-FEB7-9957-2234-1D536A6C0F68}"
EndProject
Project("{FAE04EC0-301F-11D3-BF4B-00C04F79EFBC}") = "Assembly-CSharp-Editor", "Assembly-CSharp-Editor.csproj", "{620B276C-18D4-6EFB-D68D-346415F7538D}"
EndProject
Global
	GlobalSection(SolutionConfigurationPlatforms) = preSolution
		Debug|Any CPU = Debug|Any CPU
		Release|Any CPU = Release|Any CPU
	EndGlobalSection
	GlobalSection(ProjectConfigurationPlatforms) = postSolution
		{58076DC0-FEB7-9957-2234-1D536A6C0F68}.Debug|Any CPU.ActiveCfg = Debug|Any CPU
		{58076DC0-FEB7-9957-2234-1D536A6C0F68}.Debug|Any CPU.Build.0 = Debug|Any CPU
		{58076DC0-FEB7-9957-2234-1D536A6C0F68}.Release|Any CPU.ActiveCfg = Release|Any CPU
		{58076DC0-FEB7-9957-2234-1D536A6C0F68}.Release|Any CPU.Build.0 = Release|Any CPU
		{620B276C-18D4-6EFB-D68D-346415F7538D}.Debug|Any CPU.ActiveCfg = Debug|Any CPU
		{620B276C-18D4-6EFB-D68D-346415F7538D}.Debug|Any CPU.Build.0 = Debug|Any CPU
		{620B276C-18D4-6EFB-D68D-346415F7538D}.Release|Any CPU.ActiveCfg = Release|Any CPU
		{620B276C-18D4-6EFB-D68D-346415F7538D}.Release|Any CPU.Build.0 = Release|Any CPU
	EndGlobalSection
	GlobalSection(SolutionProperties) = preSolution
		HideSolutionNode = FALSE
	EndGlobalSection
EndGlobal
